
Microsoft Visual Studio Solution File, Format Version 11.00
# Visual Studio 2010
Project("{FAE04EC0-301F-11D3-BF4B-00C04F79EFBC}") = "HumbleNetwork.Tests", "HumbleNetwork.Tests\HumbleNetwork.Tests.csproj", "{55E1E4FC-3DED-442E-8C10-32E51E82C427}"
EndProject
Project("{FAE04EC0-301F-11D3-BF4B-00C04F79EFBC}") = "HumbleNetwork", "HumbleNetwork\HumbleNetwork.csproj", "{2BB6D7F3-05AF-4417-848E-39DE3A26F7DF}"
EndProject
Project("{FAE04EC0-301F-11D3-BF4B-00C04F79EFBC}") = "HumbleExample", "HumbleExample\HumbleExample.csproj", "{9971E27E-E744-4533-B37A-724FBD30488B}"
EndProject
Project("{2150E333-8FDC-42A3-9474-1A3956D46DE8}") = "Script", "Script", "{43B7D10F-EFAF-42A5-9527-D6CC4E4119A6}"
	ProjectSection(SolutionItems) = preProject
		..\script\main.build = ..\script\main.build
	EndProjectSection
EndProject
Project("{2150E333-8FDC-42A3-9474-1A3956D46DE8}") = "Doc", "Doc", "{FFBFBE16-A2EB-4034-AB92-422081BE51DE}"
	ProjectSection(SolutionItems) = preProject
		..\README.md = ..\README.md
	EndProjectSection
EndProject
Global
	GlobalSection(SolutionConfigurationPlatforms) = preSolution
		Debug|Any CPU = Debug|Any CPU
		Debug|Mixed Platforms = Debug|Mixed Platforms
		Debug|x86 = Debug|x86
		Release|Any CPU = Release|Any CPU
		Release|Mixed Platforms = Release|Mixed Platforms
		Release|x86 = Release|x86
	EndGlobalSection
	GlobalSection(ProjectConfigurationPlatforms) = postSolution
		{55E1E4FC-3DED-442E-8C10-32E51E82C427}.Debug|Any CPU.ActiveCfg = Debug|Any CPU
		{55E1E4FC-3DED-442E-8C10-32E51E82C427}.Debug|Any CPU.Build.0 = Debug|Any CPU
		{55E1E4FC-3DED-442E-8C10-32E51E82C427}.Debug|Mixed Platforms.ActiveCfg = Debug|Any CPU
		{55E1E4FC-3DED-442E-8C10-32E51E82C427}.Debug|Mixed Platforms.Build.0 = Debug|Any CPU
		{55E1E4FC-3DED-442E-8C10-32E51E82C427}.Debug|x86.ActiveCfg = Debug|Any CPU
		{55E1E4FC-3DED-442E-8C10-32E51E82C427}.Release|Any CPU.ActiveCfg = Release|Any CPU
		{55E1E4FC-3DED-442E-8C10-32E51E82C427}.Release|Any CPU.Build.0 = Release|Any CPU
		{55E1E4FC-3DED-442E-8C10-32E51E82C427}.Release|Mixed Platforms.ActiveCfg = Release|Any CPU
		{55E1E4FC-3DED-442E-8C10-32E51E82C427}.Release|Mixed Platforms.Build.0 = Release|Any CPU
		{55E1E4FC-3DED-442E-8C10-32E51E82C427}.Release|x86.ActiveCfg = Release|Any CPU
		{2BB6D7F3-05AF-4417-848E-39DE3A26F7DF}.Debug|Any CPU.ActiveCfg = Debug|Any CPU
		{2BB6D7F3-05AF-4417-848E-39DE3A26F7DF}.Debug|Any CPU.Build.0 = Debug|Any CPU
		{2BB6D7F3-05AF-4417-848E-39DE3A26F7DF}.Debug|Mixed Platforms.ActiveCfg = Debug|Any CPU
		{2BB6D7F3-05AF-4417-848E-39DE3A26F7DF}.Debug|Mixed Platforms.Build.0 = Debug|Any CPU
		{2BB6D7F3-05AF-4417-848E-39DE3A26F7DF}.Debug|x86.ActiveCfg = Debug|Any CPU
		{2BB6D7F3-05AF-4417-848E-39DE3A26F7DF}.Release|Any CPU.ActiveCfg = Release|Any CPU
		{2BB6D7F3-05AF-4417-848E-39DE3A26F7DF}.Release|Any CPU.Build.0 = Release|Any CPU
		{2BB6D7F3-05AF-4417-848E-39DE3A26F7DF}.Release|Mixed Platforms.ActiveCfg = Release|Any CPU
		{2BB6D7F3-05AF-4417-848E-39DE3A26F7DF}.Release|Mixed Platforms.Build.0 = Release|Any CPU
		{2BB6D7F3-05AF-4417-848E-39DE3A26F7DF}.Release|x86.ActiveCfg = Release|Any CPU
		{9971E27E-E744-4533-B37A-724FBD30488B}.Debug|Any CPU.ActiveCfg = Debug|x86
		{9971E27E-E744-4533-B37A-724FBD30488B}.Debug|Mixed Platforms.ActiveCfg = Debug|x86
		{9971E27E-E744-4533-B37A-724FBD30488B}.Debug|Mixed Platforms.Build.0 = Debug|x86
		{9971E27E-E744-4533-B37A-724FBD30488B}.Debug|x86.ActiveCfg = Debug|x86
		{9971E27E-E744-4533-B37A-724FBD30488B}.Debug|x86.Build.0 = Debug|x86
		{9971E27E-E744-4533-B37A-724FBD30488B}.Release|Any CPU.ActiveCfg = Release|x86
		{9971E27E-E744-4533-B37A-724FBD30488B}.Release|Mixed Platforms.ActiveCfg = Release|x86
		{9971E27E-E744-4533-B37A-724FBD30488B}.Release|Mixed Platforms.Build.0 = Release|x86
		{9971E27E-E744-4533-B37A-724FBD30488B}.Release|x86.ActiveCfg = Release|x86
		{9971E27E-E744-4533-B37A-724FBD30488B}.Release|x86.Build.0 = Release|x86
	EndGlobalSection
	GlobalSection(SolutionProperties) = preSolution
		HideSolutionNode = FALSE
	EndGlobalSection
EndGlobal
